
Microsoft Visual Studio Solution File, Format Version 12.00
# Visual Studio Version 16
VisualStudioVersion = 16.0.29728.190
MinimumVisualStudioVersion = 10.0.40219.1
Project("{FAE04EC0-301F-11D3-BF4B-00C04F79EFBC}") = "SimpleWebServer", "SimpleWebServer\SimpleWebServer.csproj", "{DA28A76E-94DC-4A9C-BC43-530C9ADFB501}"
EndProject
Global
	GlobalSection(SolutionConfigurationPlatforms) = preSolution
		Debug|Any CPU = Debug|Any CPU
		Release|Any CPU = Release|Any CPU
	EndGlobalSection
	GlobalSection(ProjectConfigurationPlatforms) = postSolution
		{DA28A76E-94DC-4A9C-BC43-530C9ADFB501}.Debug|Any CPU.ActiveCfg = Debug|Any CPU
		{DA28A76E-94DC-4A9C-BC43-530C9ADFB501}.Debug|Any CPU.Build.0 = Debug|Any CPU
		{DA28A76E-94DC-4A9C-BC43-530C9ADFB501}.Release|Any CPU.ActiveCfg = Release|Any CPU
		{DA28A76E-94DC-4A9C-BC43-530C9ADFB501}.Release|Any CPU.Build.0 = Release|Any CPU
	EndGlobalSection
	GlobalSection(SolutionProperties) = preSolution
		HideSolutionNode = FALSE
	EndGlobalSection
	GlobalSection(ExtensibilityGlobals) = postSolution
		SolutionGuid = {428D712D-284E-401E-9B88-CAB07415E7D1}
	EndGlobalSection
EndGlobal
